{
  "name": "onesignal-cordova-plugin",
  "version": "5.2.10",
  "lockfileVersion": 3,
  "requires": true,
  "packages": {
    "": {
      "name": "onesignal-cordova-plugin",
      "version": "5.2.10",
      "engines": [
        {
          "name": "cordova-android",
          "version": ">=4.0.0"
        },
        {
          "name": "apple-xcode",
          "version": ">=8.0.0"
        },
        {
          "name": "apple-ios",
          "version": ">=7.0.0"
        },
        {
          "name": "cordova",
          "version": ">=6.4.0"
        },
        {
          "name": "cordova-ios",
          "version": ">=4.3.0"
        }
      ],
      "license": "MIT"
    }
  }
}
