{
  "originHash" : "e75a7350e7c492bd151338671f0ed43dac7c1677096fa3f6a1771c24109ddb75",
  "pins" : [
    {
      "identity" : "capacitor-swift-pm",
      "kind" : "remoteSourceControl",
      "location" : "https://github.com/ionic-team/capacitor-swift-pm.git",
      "state" : {
        "revision" : "2231987d85b8b0b289320b1d0947b4ae8345cde4",
        "version" : "8.4.1"
      }
    },
    {
      "identity" : "onesignal-xcframework",
      "kind" : "remoteSourceControl",
      "location" : "https://github.com/OneSignal/OneSignal-XCFramework.git",
      "state" : {
        "revision" : "b4a4010657c7d79ca669159bbfcb5da60bb28c8d",
        "version" : "5.5.4"
      }
    }
  ],
  "version" : 3
}
